
Microsoft Visual Studio Solution File, Format Version 12.00
# Visual Studio Version 17
VisualStudioVersion = 17.0.32002.185
MinimumVisualStudioVersion = 10.0.40219.1
Project("{FAE04EC0-301F-11D3-BF4B-00C04F79EFBC}") = "Angular_template", "Angular_template\Angular_template.csproj", "{94CD225C-6F74-46FD-B605-00783E47BDB6}"
EndProject
Global
	GlobalSection(SolutionConfigurationPlatforms) = preSolution
		Debug|Any CPU = Debug|Any CPU
		Release|Any CPU = Release|Any CPU
	EndGlobalSection
	GlobalSection(ProjectConfigurationPlatforms) = postSolution
		{94CD225C-6F74-46FD-B605-00783E47BDB6}.Debug|Any CPU.ActiveCfg = Debug|Any CPU
		{94CD225C-6F74-46FD-B605-00783E47BDB6}.Debug|Any CPU.Build.0 = Debug|Any CPU
		{94CD225C-6F74-46FD-B605-00783E47BDB6}.Release|Any CPU.ActiveCfg = Release|Any CPU
		{94CD225C-6F74-46FD-B605-00783E47BDB6}.Release|Any CPU.Build.0 = Release|Any CPU
	EndGlobalSection
	GlobalSection(SolutionProperties) = preSolution
		HideSolutionNode = FALSE
	EndGlobalSection
	GlobalSection(ExtensibilityGlobals) = postSolution
		SolutionGuid = {0EC4DA1E-A215-4FA0-A0F5-A800A524F142}
	EndGlobalSection
EndGlobal
